
Microsoft Visual Studio Solution File, Format Version 12.00
# Visual Studio Version 16
VisualStudioVersion = 16.0.30804.86
MinimumVisualStudioVersion = 10.0.40219.1
Project("{9A19103F-16F7-4668-BE54-9A1E7A4F7556}") = "MediatRCORSTrial.Core", "MediatRCORSTrial.Core\MediatRCORSTrial.Core.csproj", "{E1E29830-6280-4038-BA6E-BFBCF05614AA}"
EndProject
Project("{2150E333-8FDC-42A3-9474-1A3956D46DE8}") = "Src", "Src", "{4A984883-5486-49D3-8629-E8F173F26087}"
EndProject
Project("{2150E333-8FDC-42A3-9474-1A3956D46DE8}") = "00-Core", "00-Core", "{413FEBD8-B4F9-4386-9569-B19D385F7E3B}"
EndProject
Project("{2150E333-8FDC-42A3-9474-1A3956D46DE8}") = "01- Resource Access", "01- Resource Access", "{84693628-1C3B-4DAC-B6E0-9FB4EBA57840}"
EndProject
Project("{9A19103F-16F7-4668-BE54-9A1E7A4F7556}") = "MediatRCORSTrial.Data", "MediatRCORSTrial.Data\MediatRCORSTrial.Data.csproj", "{C3495ABA-AFEF-4994-B3D6-1F7A16FB068C}"
EndProject
Project("{2150E333-8FDC-42A3-9474-1A3956D46DE8}") = "06- Apis", "06- Apis", "{97B411BA-538B-4C26-82BE-F75D42060ECB}"
EndProject
Project("{2150E333-8FDC-42A3-9474-1A3956D46DE8}") = "07- UI", "07- UI", "{9D6B097A-B4EF-462B-A2AF-72BB973A73A0}"
EndProject
Project("{9A19103F-16F7-4668-BE54-9A1E7A4F7556}") = "MediatRCORSTrial.Api", "MediatRCORSTrial.Api\MediatRCORSTrial.Api.csproj", "{1AD44ADE-BDA3-4465-AD56-EEB02313A0ED}"
EndProject
Project("{9A19103F-16F7-4668-BE54-9A1E7A4F7556}") = "MediatRCORSTrial.Data.Contracts", "MediatRCORSTrial.Data.Contracts\MediatRCORSTrial.Data.Contracts.csproj", "{8B3D1B14-7043-4836-AB4C-6918134ADB4E}"
EndProject
Project("{9A19103F-16F7-4668-BE54-9A1E7A4F7556}") = "MediatRCORSTrial.Data.Entities", "MediatRCORSTrial.Data.Entities\MediatRCORSTrial.Data.Entities.csproj", "{B42DB723-F5A8-4C02-954D-F68563FE3180}"
EndProject
Project("{9A19103F-16F7-4668-BE54-9A1E7A4F7556}") = "MediatRCORSTrial.Core.Common.Caching", "MediatRCORSTrial.Core.Common.Caching\MediatRCORSTrial.Core.Common.Caching.csproj", "{3AA250C8-D2A8-4C8A-BE70-AD99FFC18A0E}"
EndProject
Project("{9A19103F-16F7-4668-BE54-9A1E7A4F7556}") = "MediatRCORSTrial.Core.Common.Contracts", "MediatRCORSTrial.Core.Common.Contracts\MediatRCORSTrial.Core.Common.Contracts.csproj", "{E465613D-A890-4B6D-B417-8190098321EE}"
EndProject
Project("{9A19103F-16F7-4668-BE54-9A1E7A4F7556}") = "MediatRCORSTrial.Core.Common.Logging", "MediatRCORSTrial.Core.Common.Logging\MediatRCORSTrial.Core.Common.Logging.csproj", "{51967662-DA8F-4AB2-98CB-3035174E2186}"
EndProject
Project("{2150E333-8FDC-42A3-9474-1A3956D46DE8}") = "02- Domain Layer", "02- Domain Layer", "{BE255B79-00C9-492F-B4A0-703A6A127EA9}"
EndProject
Project("{9A19103F-16F7-4668-BE54-9A1E7A4F7556}") = "MediatRCORSTrial.Domains", "MediatRCORSTrial.Domains\MediatRCORSTrial.Domains.csproj", "{F8C7CABB-EE6D-473A-8702-C571368B833A}"
EndProject
Project("{FAE04EC0-301F-11D3-BF4B-00C04F79EFBC}") = "MediatRCORSTrial.UI", "MediatRCORSTrial.UI\MediatRCORSTrial.UI.csproj", "{4DE54054-10A5-4C7B-95A2-BE914CB4A664}"
EndProject
Project("{2150E333-8FDC-42A3-9474-1A3956D46DE8}") = "03- Queries", "03- Queries", "{5C00AC90-8BC9-4D11-BBEA-292D221BE9C1}"
EndProject
Project("{2150E333-8FDC-42A3-9474-1A3956D46DE8}") = "04- Commands", "04- Commands", "{9C580B63-418D-4708-91B6-7157A69FCD54}"
EndProject
Project("{2150E333-8FDC-42A3-9474-1A3956D46DE8}") = "05- Handlers", "05- Handlers", "{BDDF8013-74F9-400E-AB6E-237520EF98AF}"
EndProject
Project("{9A19103F-16F7-4668-BE54-9A1E7A4F7556}") = "MediatRCORSTrial.Queries", "MediatRCORSTrial.Queries\MediatRCORSTrial.Queries.csproj", "{5DA8E184-793C-436F-9E8A-2D69D7574515}"
EndProject
Project("{9A19103F-16F7-4668-BE54-9A1E7A4F7556}") = "MediatRCORSTrial.Commands", "MediatRCORSTrial.Commands\MediatRCORSTrial.Commands.csproj", "{A30C90D3-F159-4206-BDC0-28C24D0CDED6}"
EndProject
Project("{9A19103F-16F7-4668-BE54-9A1E7A4F7556}") = "MediatRCORSTrial.Handlers", "MediatRCORSTrial.Handlers\MediatRCORSTrial.Handlers.csproj", "{AFB1C256-B75C-42F9-B36F-F7C671F3B472}"
EndProject
Project("{9A19103F-16F7-4668-BE54-9A1E7A4F7556}") = "MediatRCORSTrial.Core.Common.Validation", "MediatRCORSTrial.Core.Common.Validation\MediatRCORSTrial.Core.Common.Validation.csproj", "{B706AB9A-4D36-4CE7-A074-60EBE29ED41F}"
EndProject
Project("{9A19103F-16F7-4668-BE54-9A1E7A4F7556}") = "MediatRCORSTrial.Core.Common.Extensions", "MediatRCORSTrial.Core.Common.Extensions\MediatRCORSTrial.Core.Common.Extensions.csproj", "{7C815C49-102C-4387-9C73-D16D43937C04}"
EndProject
Project("{FAE04EC0-301F-11D3-BF4B-00C04F79EFBC}") = "MediatRCORSTrial.Core.PipelineBehaviors", "MediatRCORSTrial.Core.Common.PipelineBehaviour\MediatRCORSTrial.Core.PipelineBehaviors.csproj", "{53735EFF-2A6B-4681-A5E1-036BCE0C3DD9}"
EndProject
Project("{FAE04EC0-301F-11D3-BF4B-00C04F79EFBC}") = "MediatRCORSTrial.Core.Responses", "MediatRCORSTrial.Core.Responses\MediatRCORSTrial.Core.Responses.csproj", "{85458DC0-1235-46A2-BA29-EA92BAD34562}"
EndProject
Global
	GlobalSection(SolutionConfigurationPlatforms) = preSolution
		Debug|Any CPU = Debug|Any CPU
		Release|Any CPU = Release|Any CPU
	EndGlobalSection
	GlobalSection(ProjectConfigurationPlatforms) = postSolution
		{E1E29830-6280-4038-BA6E-BFBCF05614AA}.Debug|Any CPU.ActiveCfg = Debug|Any CPU
		{E1E29830-6280-4038-BA6E-BFBCF05614AA}.Debug|Any CPU.Build.0 = Debug|Any CPU
		{E1E29830-6280-4038-BA6E-BFBCF05614AA}.Release|Any CPU.ActiveCfg = Release|Any CPU
		{E1E29830-6280-4038-BA6E-BFBCF05614AA}.Release|Any CPU.Build.0 = Release|Any CPU
		{C3495ABA-AFEF-4994-B3D6-1F7A16FB068C}.Debug|Any CPU.ActiveCfg = Debug|Any CPU
		{C3495ABA-AFEF-4994-B3D6-1F7A16FB068C}.Debug|Any CPU.Build.0 = Debug|Any CPU
		{C3495ABA-AFEF-4994-B3D6-1F7A16FB068C}.Release|Any CPU.ActiveCfg = Release|Any CPU
		{C3495ABA-AFEF-4994-B3D6-1F7A16FB068C}.Release|Any CPU.Build.0 = Release|Any CPU
		{1AD44ADE-BDA3-4465-AD56-EEB02313A0ED}.Debug|Any CPU.ActiveCfg = Debug|Any CPU
		{1AD44ADE-BDA3-4465-AD56-EEB02313A0ED}.Debug|Any CPU.Build.0 = Debug|Any CPU
		{1AD44ADE-BDA3-4465-AD56-EEB02313A0ED}.Release|Any CPU.ActiveCfg = Release|Any CPU
		{1AD44ADE-BDA3-4465-AD56-EEB02313A0ED}.Release|Any CPU.Build.0 = Release|Any CPU
		{8B3D1B14-7043-4836-AB4C-6918134ADB4E}.Debug|Any CPU.ActiveCfg = Debug|Any CPU
		{8B3D1B14-7043-4836-AB4C-6918134ADB4E}.Debug|Any CPU.Build.0 = Debug|Any CPU
		{8B3D1B14-7043-4836-AB4C-6918134ADB4E}.Release|Any CPU.ActiveCfg = Release|Any CPU
		{8B3D1B14-7043-4836-AB4C-6918134ADB4E}.Release|Any CPU.Build.0 = Release|Any CPU
		{B42DB723-F5A8-4C02-954D-F68563FE3180}.Debug|Any CPU.ActiveCfg = Debug|Any CPU
		{B42DB723-F5A8-4C02-954D-F68563FE3180}.Debug|Any CPU.Build.0 = Debug|Any CPU
		{B42DB723-F5A8-4C02-954D-F68563FE3180}.Release|Any CPU.ActiveCfg = Release|Any CPU
		{B42DB723-F5A8-4C02-954D-F68563FE3180}.Release|Any CPU.Build.0 = Release|Any CPU
		{3AA250C8-D2A8-4C8A-BE70-AD99FFC18A0E}.Debug|Any CPU.ActiveCfg = Debug|Any CPU
		{3AA250C8-D2A8-4C8A-BE70-AD99FFC18A0E}.Debug|Any CPU.Build.0 = Debug|Any CPU
		{3AA250C8-D2A8-4C8A-BE70-AD99FFC18A0E}.Release|Any CPU.ActiveCfg = Release|Any CPU
		{3AA250C8-D2A8-4C8A-BE70-AD99FFC18A0E}.Release|Any CPU.Build.0 = Release|Any CPU
		{E465613D-A890-4B6D-B417-8190098321EE}.Debug|Any CPU.ActiveCfg = Debug|Any CPU
		{E465613D-A890-4B6D-B417-8190098321EE}.Debug|Any CPU.Build.0 = Debug|Any CPU
		{E465613D-A890-4B6D-B417-8190098321EE}.Release|Any CPU.ActiveCfg = Release|Any CPU
		{E465613D-A890-4B6D-B417-8190098321EE}.Release|Any CPU.Build.0 = Release|Any CPU
		{51967662-DA8F-4AB2-98CB-3035174E2186}.Debug|Any CPU.ActiveCfg = Debug|Any CPU
		{51967662-DA8F-4AB2-98CB-3035174E2186}.Debug|Any CPU.Build.0 = Debug|Any CPU
		{51967662-DA8F-4AB2-98CB-3035174E2186}.Release|Any CPU.ActiveCfg = Release|Any CPU
		{51967662-DA8F-4AB2-98CB-3035174E2186}.Release|Any CPU.Build.0 = Release|Any CPU
		{F8C7CABB-EE6D-473A-8702-C571368B833A}.Debug|Any CPU.ActiveCfg = Debug|Any CPU
		{F8C7CABB-EE6D-473A-8702-C571368B833A}.Debug|Any CPU.Build.0 = Debug|Any CPU
		{F8C7CABB-EE6D-473A-8702-C571368B833A}.Release|Any CPU.ActiveCfg = Release|Any CPU
		{F8C7CABB-EE6D-473A-8702-C571368B833A}.Release|Any CPU.Build.0 = Release|Any CPU
		{4DE54054-10A5-4C7B-95A2-BE914CB4A664}.Debug|Any CPU.ActiveCfg = Debug|Any CPU
		{4DE54054-10A5-4C7B-95A2-BE914CB4A664}.Debug|Any CPU.Build.0 = Debug|Any CPU
		{4DE54054-10A5-4C7B-95A2-BE914CB4A664}.Release|Any CPU.ActiveCfg = Release|Any CPU
		{4DE54054-10A5-4C7B-95A2-BE914CB4A664}.Release|Any CPU.Build.0 = Release|Any CPU
		{5DA8E184-793C-436F-9E8A-2D69D7574515}.Debug|Any CPU.ActiveCfg = Debug|Any CPU
		{5DA8E184-793C-436F-9E8A-2D69D7574515}.Debug|Any CPU.Build.0 = Debug|Any CPU
		{5DA8E184-793C-436F-9E8A-2D69D7574515}.Release|Any CPU.ActiveCfg = Release|Any CPU
		{5DA8E184-793C-436F-9E8A-2D69D7574515}.Release|Any CPU.Build.0 = Release|Any CPU
		{A30C90D3-F159-4206-BDC0-28C24D0CDED6}.Debug|Any CPU.ActiveCfg = Debug|Any CPU
		{A30C90D3-F159-4206-BDC0-28C24D0CDED6}.Debug|Any CPU.Build.0 = Debug|Any CPU
		{A30C90D3-F159-4206-BDC0-28C24D0CDED6}.Release|Any CPU.ActiveCfg = Release|Any CPU
		{A30C90D3-F159-4206-BDC0-28C24D0CDED6}.Release|Any CPU.Build.0 = Release|Any CPU
		{AFB1C256-B75C-42F9-B36F-F7C671F3B472}.Debug|Any CPU.ActiveCfg = Debug|Any CPU
		{AFB1C256-B75C-42F9-B36F-F7C671F3B472}.Debug|Any CPU.Build.0 = Debug|Any CPU
		{AFB1C256-B75C-42F9-B36F-F7C671F3B472}.Release|Any CPU.ActiveCfg = Release|Any CPU
		{AFB1C256-B75C-42F9-B36F-F7C671F3B472}.Release|Any CPU.Build.0 = Release|Any CPU
		{B706AB9A-4D36-4CE7-A074-60EBE29ED41F}.Debug|Any CPU.ActiveCfg = Debug|Any CPU
		{B706AB9A-4D36-4CE7-A074-60EBE29ED41F}.Debug|Any CPU.Build.0 = Debug|Any CPU
		{B706AB9A-4D36-4CE7-A074-60EBE29ED41F}.Release|Any CPU.ActiveCfg = Release|Any CPU
		{B706AB9A-4D36-4CE7-A074-60EBE29ED41F}.Release|Any CPU.Build.0 = Release|Any CPU
		{7C815C49-102C-4387-9C73-D16D43937C04}.Debug|Any CPU.ActiveCfg = Debug|Any CPU
		{7C815C49-102C-4387-9C73-D16D43937C04}.Debug|Any CPU.Build.0 = Debug|Any CPU
		{7C815C49-102C-4387-9C73-D16D43937C04}.Release|Any CPU.ActiveCfg = Release|Any CPU
		{7C815C49-102C-4387-9C73-D16D43937C04}.Release|Any CPU.Build.0 = Release|Any CPU
		{53735EFF-2A6B-4681-A5E1-036BCE0C3DD9}.Debug|Any CPU.ActiveCfg = Debug|Any CPU
		{53735EFF-2A6B-4681-A5E1-036BCE0C3DD9}.Debug|Any CPU.Build.0 = Debug|Any CPU
		{53735EFF-2A6B-4681-A5E1-036BCE0C3DD9}.Release|Any CPU.ActiveCfg = Release|Any CPU
		{53735EFF-2A6B-4681-A5E1-036BCE0C3DD9}.Release|Any CPU.Build.0 = Release|Any CPU
		{85458DC0-1235-46A2-BA29-EA92BAD34562}.Debug|Any CPU.ActiveCfg = Debug|Any CPU
		{85458DC0-1235-46A2-BA29-EA92BAD34562}.Debug|Any CPU.Build.0 = Debug|Any CPU
		{85458DC0-1235-46A2-BA29-EA92BAD34562}.Release|Any CPU.ActiveCfg = Release|Any CPU
		{85458DC0-1235-46A2-BA29-EA92BAD34562}.Release|Any CPU.Build.0 = Release|Any CPU
	EndGlobalSection
	GlobalSection(SolutionProperties) = preSolution
		HideSolutionNode = FALSE
	EndGlobalSection
	GlobalSection(NestedProjects) = preSolution
		{E1E29830-6280-4038-BA6E-BFBCF05614AA} = {413FEBD8-B4F9-4386-9569-B19D385F7E3B}
		{413FEBD8-B4F9-4386-9569-B19D385F7E3B} = {4A984883-5486-49D3-8629-E8F173F26087}
		{84693628-1C3B-4DAC-B6E0-9FB4EBA57840} = {4A984883-5486-49D3-8629-E8F173F26087}
		{C3495ABA-AFEF-4994-B3D6-1F7A16FB068C} = {84693628-1C3B-4DAC-B6E0-9FB4EBA57840}
		{97B411BA-538B-4C26-82BE-F75D42060ECB} = {4A984883-5486-49D3-8629-E8F173F26087}
		{9D6B097A-B4EF-462B-A2AF-72BB973A73A0} = {4A984883-5486-49D3-8629-E8F173F26087}
		{1AD44ADE-BDA3-4465-AD56-EEB02313A0ED} = {97B411BA-538B-4C26-82BE-F75D42060ECB}
		{8B3D1B14-7043-4836-AB4C-6918134ADB4E} = {84693628-1C3B-4DAC-B6E0-9FB4EBA57840}
		{B42DB723-F5A8-4C02-954D-F68563FE3180} = {84693628-1C3B-4DAC-B6E0-9FB4EBA57840}
		{3AA250C8-D2A8-4C8A-BE70-AD99FFC18A0E} = {413FEBD8-B4F9-4386-9569-B19D385F7E3B}
		{E465613D-A890-4B6D-B417-8190098321EE} = {413FEBD8-B4F9-4386-9569-B19D385F7E3B}
		{51967662-DA8F-4AB2-98CB-3035174E2186} = {413FEBD8-B4F9-4386-9569-B19D385F7E3B}
		{BE255B79-00C9-492F-B4A0-703A6A127EA9} = {4A984883-5486-49D3-8629-E8F173F26087}
		{F8C7CABB-EE6D-473A-8702-C571368B833A} = {BE255B79-00C9-492F-B4A0-703A6A127EA9}
		{4DE54054-10A5-4C7B-95A2-BE914CB4A664} = {9D6B097A-B4EF-462B-A2AF-72BB973A73A0}
		{5C00AC90-8BC9-4D11-BBEA-292D221BE9C1} = {4A984883-5486-49D3-8629-E8F173F26087}
		{9C580B63-418D-4708-91B6-7157A69FCD54} = {4A984883-5486-49D3-8629-E8F173F26087}
		{BDDF8013-74F9-400E-AB6E-237520EF98AF} = {4A984883-5486-49D3-8629-E8F173F26087}
		{5DA8E184-793C-436F-9E8A-2D69D7574515} = {5C00AC90-8BC9-4D11-BBEA-292D221BE9C1}
		{A30C90D3-F159-4206-BDC0-28C24D0CDED6} = {9C580B63-418D-4708-91B6-7157A69FCD54}
		{AFB1C256-B75C-42F9-B36F-F7C671F3B472} = {BDDF8013-74F9-400E-AB6E-237520EF98AF}
		{B706AB9A-4D36-4CE7-A074-60EBE29ED41F} = {413FEBD8-B4F9-4386-9569-B19D385F7E3B}
		{7C815C49-102C-4387-9C73-D16D43937C04} = {413FEBD8-B4F9-4386-9569-B19D385F7E3B}
		{53735EFF-2A6B-4681-A5E1-036BCE0C3DD9} = {413FEBD8-B4F9-4386-9569-B19D385F7E3B}
		{85458DC0-1235-46A2-BA29-EA92BAD34562} = {413FEBD8-B4F9-4386-9569-B19D385F7E3B}
	EndGlobalSection
	GlobalSection(ExtensibilityGlobals) = postSolution
		SolutionGuid = {D10C3CC8-D2F3-466A-AE33-C7BD5097FA00}
	EndGlobalSection
EndGlobal
